
Microsoft Visual Studio Solution File, Format Version 12.00
# Visual Studio 14
VisualStudioVersion = 14.0.24720.0
MinimumVisualStudioVersion = 10.0.40219.1
Project("{FAE04EC0-301F-11D3-BF4B-00C04F79EFBC}") = "ProyectoIDCode", "ProyectoIDCode\ProyectoIDCode.csproj", "{A03484DC-6297-47E3-AD08-82960B3621F0}"
	ProjectSection(ProjectDependencies) = postProject
		{D4BFA679-11FB-42A4-89C1-5522506317D5} = {D4BFA679-11FB-42A4-89C1-5522506317D5}
	EndProjectSection
EndProject
Project("{FAE04EC0-301F-11D3-BF4B-00C04F79EFBC}") = "WcfService", "WcfService\WcfService.csproj", "{D4BFA679-11FB-42A4-89C1-5522506317D5}"
EndProject
Project("{2150E333-8FDC-42A3-9474-1A3956D46DE8}") = "archivosDLL", "archivosDLL", "{8F423FDD-86DA-4922-9B65-B34CAD575B6A}"
	ProjectSection(SolutionItems) = preProject
		amqmdnet.dll = amqmdnet.dll
	EndProjectSection
EndProject
Project("{FAE04EC0-301F-11D3-BF4B-00C04F79EFBC}") = "RestTests", "RestTests\RestTests.csproj", "{65B14C7B-09A7-4F02-AAF8-544EE1560190}"
	ProjectSection(ProjectDependencies) = postProject
		{D4BFA679-11FB-42A4-89C1-5522506317D5} = {D4BFA679-11FB-42A4-89C1-5522506317D5}
	EndProjectSection
EndProject
Global
	GlobalSection(SolutionConfigurationPlatforms) = preSolution
		Debug|Any CPU = Debug|Any CPU
		Release|Any CPU = Release|Any CPU
	EndGlobalSection
	GlobalSection(ProjectConfigurationPlatforms) = postSolution
		{A03484DC-6297-47E3-AD08-82960B3621F0}.Debug|Any CPU.ActiveCfg = Debug|Any CPU
		{A03484DC-6297-47E3-AD08-82960B3621F0}.Debug|Any CPU.Build.0 = Debug|Any CPU
		{A03484DC-6297-47E3-AD08-82960B3621F0}.Release|Any CPU.ActiveCfg = Release|Any CPU
		{A03484DC-6297-47E3-AD08-82960B3621F0}.Release|Any CPU.Build.0 = Release|Any CPU
		{D4BFA679-11FB-42A4-89C1-5522506317D5}.Debug|Any CPU.ActiveCfg = Debug|Any CPU
		{D4BFA679-11FB-42A4-89C1-5522506317D5}.Debug|Any CPU.Build.0 = Debug|Any CPU
		{D4BFA679-11FB-42A4-89C1-5522506317D5}.Release|Any CPU.ActiveCfg = Release|Any CPU
		{D4BFA679-11FB-42A4-89C1-5522506317D5}.Release|Any CPU.Build.0 = Release|Any CPU
		{65B14C7B-09A7-4F02-AAF8-544EE1560190}.Debug|Any CPU.ActiveCfg = Debug|Any CPU
		{65B14C7B-09A7-4F02-AAF8-544EE1560190}.Debug|Any CPU.Build.0 = Debug|Any CPU
		{65B14C7B-09A7-4F02-AAF8-544EE1560190}.Release|Any CPU.ActiveCfg = Release|Any CPU
		{65B14C7B-09A7-4F02-AAF8-544EE1560190}.Release|Any CPU.Build.0 = Release|Any CPU
	EndGlobalSection
	GlobalSection(SolutionProperties) = preSolution
		HideSolutionNode = FALSE
	EndGlobalSection
EndGlobal
